
Microsoft Visual Studio Solution File, Format Version 12.00
Project("{FAE04EC0-301F-11D3-BF4B-00C04F79EFBC}") = "Api", "Api\Api.csproj", "{0EFCDD9E-57F6-4DF7-8692-8BC692111842}"
EndProject
Project("{FAE04EC0-301F-11D3-BF4B-00C04F79EFBC}") = "Persistence", "Persistence\Persistence.csproj", "{2E3D2748-18F5-49E2-93DD-718AE63D9401}"
EndProject
Project("{FAE04EC0-301F-11D3-BF4B-00C04F79EFBC}") = "Application", "Application\Application.csproj", "{11165F56-3A49-430F-9346-317DC2BDA739}"
EndProject
Project("{FAE04EC0-301F-11D3-BF4B-00C04F79EFBC}") = "Utility", "Utility\Utility.csproj", "{9AC3EC24-DD5A-4F93-9699-D24B2AB240E1}"
EndProject
Project("{FAE04EC0-301F-11D3-BF4B-00C04F79EFBC}") = "Application.Cryptography", "Application.Cryptography\Application.Cryptography.csproj", "{E63DD873-2004-4CAA-9A16-C2A11017C72F}"
EndProject
Global
	GlobalSection(SolutionConfigurationPlatforms) = preSolution
		Debug|Any CPU = Debug|Any CPU
		Release|Any CPU = Release|Any CPU
	EndGlobalSection
	GlobalSection(ProjectConfigurationPlatforms) = postSolution
		{0EFCDD9E-57F6-4DF7-8692-8BC692111842}.Debug|Any CPU.ActiveCfg = Debug|Any CPU
		{0EFCDD9E-57F6-4DF7-8692-8BC692111842}.Debug|Any CPU.Build.0 = Debug|Any CPU
		{0EFCDD9E-57F6-4DF7-8692-8BC692111842}.Release|Any CPU.ActiveCfg = Release|Any CPU
		{0EFCDD9E-57F6-4DF7-8692-8BC692111842}.Release|Any CPU.Build.0 = Release|Any CPU
		{2E3D2748-18F5-49E2-93DD-718AE63D9401}.Debug|Any CPU.ActiveCfg = Debug|Any CPU
		{2E3D2748-18F5-49E2-93DD-718AE63D9401}.Debug|Any CPU.Build.0 = Debug|Any CPU
		{2E3D2748-18F5-49E2-93DD-718AE63D9401}.Release|Any CPU.ActiveCfg = Release|Any CPU
		{2E3D2748-18F5-49E2-93DD-718AE63D9401}.Release|Any CPU.Build.0 = Release|Any CPU
		{11165F56-3A49-430F-9346-317DC2BDA739}.Debug|Any CPU.ActiveCfg = Debug|Any CPU
		{11165F56-3A49-430F-9346-317DC2BDA739}.Debug|Any CPU.Build.0 = Debug|Any CPU
		{11165F56-3A49-430F-9346-317DC2BDA739}.Release|Any CPU.ActiveCfg = Release|Any CPU
		{11165F56-3A49-430F-9346-317DC2BDA739}.Release|Any CPU.Build.0 = Release|Any CPU
		{9AC3EC24-DD5A-4F93-9699-D24B2AB240E1}.Debug|Any CPU.ActiveCfg = Debug|Any CPU
		{9AC3EC24-DD5A-4F93-9699-D24B2AB240E1}.Debug|Any CPU.Build.0 = Debug|Any CPU
		{9AC3EC24-DD5A-4F93-9699-D24B2AB240E1}.Release|Any CPU.ActiveCfg = Release|Any CPU
		{9AC3EC24-DD5A-4F93-9699-D24B2AB240E1}.Release|Any CPU.Build.0 = Release|Any CPU
		{E63DD873-2004-4CAA-9A16-C2A11017C72F}.Debug|Any CPU.ActiveCfg = Debug|Any CPU
		{E63DD873-2004-4CAA-9A16-C2A11017C72F}.Debug|Any CPU.Build.0 = Debug|Any CPU
		{E63DD873-2004-4CAA-9A16-C2A11017C72F}.Release|Any CPU.ActiveCfg = Release|Any CPU
		{E63DD873-2004-4CAA-9A16-C2A11017C72F}.Release|Any CPU.Build.0 = Release|Any CPU
	EndGlobalSection
EndGlobal
